// !$*UTF8*$!
{
	archiveVersion = 1;
	classes = {
	};
	objectVersion = 50;
	objects = {

/* Begin PBXBuildFile section */
		18274AE426E802F800CC0FDD /* main.swift in Sources */ = {isa = PBXBuildFile; fileRef = 18274AE326E802F800CC0FDD /* main.swift */; };
		18274AEB26E8039700CC0FDD /* CommandLineUtils.swift in Sources */ = {isa = PBXBuildFile; fileRef = 18274AEA26E8039700CC0FDD /* CommandLineUtils.swift */; };
		18274AED26E8165600CC0FDD /* FileLineReader.swift in Sources */ = {isa = PBXBuildFile; fileRef = 18274AEC26E8165600CC0FDD /* FileLineReader.swift */; };
		18274AEF26E8173900CC0FDD /* CSVReader.swift in Sources */ = {isa = PBXBuildFile; fileRef = 18274AEE26E8173900CC0FDD /* CSVReader.swift */; };
		18274AF326E8227500CC0FDD /* BZFileListDiff.swift in Sources */ = {isa = PBXBuildFile; fileRef = 18274AF226E8227500CC0FDD /* BZFileListDiff.swift */; };
/* End PBXBuildFile section */

/* Begin PBXCopyFilesBuildPhase section */
		18274ADE26E802F800CC0FDD /* CopyFiles */ = {
			isa = PBXCopyFilesBuildPhase;
			buildActionMask = 2147483647;
			dstPath = /usr/share/man/man1/;
			dstSubfolderSpec = 0;
			files = (
			);
			runOnlyForDeploymentPostprocessing = 1;
		};
/* End PBXCopyFilesBuildPhase section */

/* Begin PBXFileReference section */
		18274AE026E802F800CC0FDD /* bzfilelist_diff */ = {isa = PBXFileReference; explicitFileType = "compiled.mach-o.executable"; includeInIndex = 0; path = bzfilelist_diff; sourceTree = BUILT_PRODUCTS_DIR; };
		18274AE326E802F800CC0FDD /* main.swift */ = {isa = PBXFileReference; lastKnownFileType = sourcecode.swift; path = main.swift; sourceTree = "<group>"; };
		18274AEA26E8039700CC0FDD /* CommandLineUtils.swift */ = {isa = PBXFileReference; fileEncoding = 4; lastKnownFileType = sourcecode.swift; path = CommandLineUtils.swift; sourceTree = "<group>"; };
		18274AEC26E8165600CC0FDD /* FileLineReader.swift */ = {isa = PBXFileReference; fileEncoding = 4; lastKnownFileType = sourcecode.swift; path = FileLineReader.swift; sourceTree = "<group>"; };
		18274AEE26E8173900CC0FDD /* CSVReader.swift */ = {isa = PBXFileReference; fileEncoding = 4; lastKnownFileType = sourcecode.swift; path = CSVReader.swift; sourceTree = "<group>"; };
		18274AF226E8227500CC0FDD /* BZFileListDiff.swift */ = {isa = PBXFileReference; lastKnownFileType = sourcecode.swift; path = BZFileListDiff.swift; sourceTree = "<group>"; };
/* End PBXFileReference section */

/* Begin PBXFrameworksBuildPhase section */
		18274ADD26E802F800CC0FDD /* Frameworks */ = {
			isa = PBXFrameworksBuildPhase;
			buildActionMask = 2147483647;
			files = (
			);
			runOnlyForDeploymentPostprocessing = 0;
		};
/* End PBXFrameworksBuildPhase section */

/* Begin PBXGroup section */
		18274AD726E802F800CC0FDD = {
			isa = PBXGroup;
			children = (
				18274AE226E802F800CC0FDD /* bzfilelist_diff */,
				18274AE126E802F800CC0FDD /* Products */,
			);
			sourceTree = "<group>";
			usesTabs = 1;
		};
		18274AE126E802F800CC0FDD /* Products */ = {
			isa = PBXGroup;
			children = (
				18274AE026E802F800CC0FDD /* bzfilelist_diff */,
			);
			name = Products;
			sourceTree = "<group>";
		};
		18274AE226E802F800CC0FDD /* bzfilelist_diff */ = {
			isa = PBXGroup;
			children = (
				18274AEA26E8039700CC0FDD /* CommandLineUtils.swift */,
				18274AE326E802F800CC0FDD /* main.swift */,
				18274AF226E8227500CC0FDD /* BZFileListDiff.swift */,
				18274AEE26E8173900CC0FDD /* CSVReader.swift */,
				18274AEC26E8165600CC0FDD /* FileLineReader.swift */,
			);
			path = bzfilelist_diff;
			sourceTree = "<group>";
		};
/* End PBXGroup section */

/* Begin PBXNativeTarget section */
		18274ADF26E802F800CC0FDD /* bzfilelist_diff */ = {
			isa = PBXNativeTarget;
			buildConfigurationList = 18274AE726E802F800CC0FDD /* Build configuration list for PBXNativeTarget "bzfilelist_diff" */;
			buildPhases = (
				18274ADC26E802F800CC0FDD /* Sources */,
				18274ADD26E802F800CC0FDD /* Frameworks */,
				18274ADE26E802F800CC0FDD /* CopyFiles */,
			);
			buildRules = (
			);
			dependencies = (
			);
			name = bzfilelist_diff;
			productName = bzfilelist_diff;
			productReference = 18274AE026E802F800CC0FDD /* bzfilelist_diff */;
			productType = "com.apple.product-type.tool";
		};
/* End PBXNativeTarget section */

/* Begin PBXProject section */
		18274AD826E802F800CC0FDD /* Project object */ = {
			isa = PBXProject;
			attributes = {
				LastSwiftUpdateCheck = 1130;
				LastUpgradeCheck = 1130;
				ORGANIZATIONNAME = YourMJK;
				TargetAttributes = {
					18274ADF26E802F800CC0FDD = {
						CreatedOnToolsVersion = 11.3.1;
					};
				};
			};
			buildConfigurationList = 18274ADB26E802F800CC0FDD /* Build configuration list for PBXProject "bzfilelist_diff" */;
			compatibilityVersion = "Xcode 9.3";
			developmentRegion = en;
			hasScannedForEncodings = 0;
			knownRegions = (
				en,
				Base,
			);
			mainGroup = 18274AD726E802F800CC0FDD;
			productRefGroup = 18274AE126E802F800CC0FDD /* Products */;
			projectDirPath = "";
			projectRoot = "";
			targets = (
				18274ADF26E802F800CC0FDD /* bzfilelist_diff */,
			);
		};
/* End PBXProject section */

/* Begin PBXSourcesBuildPhase section */
		18274ADC26E802F800CC0FDD /* Sources */ = {
			isa = PBXSourcesBuildPhase;
			buildActionMask = 2147483647;
			files = (
				18274AE426E802F800CC0FDD /* main.swift in Sources */,
				18274AEF26E8173900CC0FDD /* CSVReader.swift in Sources */,
				18274AF326E8227500CC0FDD /* BZFileListDiff.swift in Sources */,
				18274AED26E8165600CC0FDD /* FileLineReader.swift in Sources */,
				18274AEB26E8039700CC0FDD /* CommandLineUtils.swift in Sources */,
			);
			runOnlyForDeploymentPostprocessing = 0;
		};
/* End PBXSourcesBuildPhase section */

/* Begin XCBuildConfiguration section */
		18274AE526E802F800CC0FDD /* Debug */ = {
			isa = XCBuildConfiguration;
			buildSettings = {
				ALWAYS_SEARCH_USER_PATHS = NO;
				CLANG_ANALYZER_NONNULL = YES;
				CLANG_ANALYZER_NUMBER_OBJECT_CONVERSION = YES_AGGRESSIVE;
				CLANG_CXX_LANGUAGE_STANDARD = "gnu++14";
				CLANG_CXX_LIBRARY = "libc++";
				CLANG_ENABLE_MODULES = YES;
				CLANG_ENABLE_OBJC_ARC = YES;
				CLANG_ENABLE_OBJC_WEAK = YES;
				CLANG_WARN_BLOCK_CAPTURE_AUTORELEASING = YES;
				CLANG_WARN_BOOL_CONVERSION = YES;
				CLANG_WARN_COMMA = YES;
				CLANG_WARN_CONSTANT_CONVERSION = YES;
				CLANG_WARN_DEPRECATED_OBJC_IMPLEMENTATIONS = YES;
				CLANG_WARN_DIRECT_OBJC_ISA_USAGE = YES_ERROR;
				CLANG_WARN_DOCUMENTATION_COMMENTS = YES;
				CLANG_WARN_EMPTY_BODY = YES;
				CLANG_WARN_ENUM_CONVERSION = YES;
				CLANG_WARN_INFINITE_RECURSION = YES;
				CLANG_WARN_INT_CONVERSION = YES;
				CLANG_WARN_NON_LITERAL_NULL_CONVERSION = YES;
				CLANG_WARN_OBJC_IMPLICIT_RETAIN_SELF = YES;
				CLANG_WARN_OBJC_LITERAL_CONVERSION = YES;
				CLANG_WARN_OBJC_ROOT_CLASS = YES_ERROR;
				CLANG_WARN_RANGE_LOOP_ANALYSIS = YES;
				CLANG_WARN_STRICT_PROTOTYPES = YES;
				CLANG_WARN_SUSPICIOUS_MOVE = YES;
				CLANG_WARN_UNGUARDED_AVAILABILITY = YES_AGGRESSIVE;
				CLANG_WARN_UNREACHABLE_CODE = YES;
				CLANG_WARN__DUPLICATE_METHOD_MATCH = YES;
				COPY_PHASE_STRIP = NO;
				DEBUG_INFORMATION_FORMAT = dwarf;
				ENABLE_STRICT_OBJC_MSGSEND = YES;
				ENABLE_TESTABILITY = YES;
				GCC_C_LANGUAGE_STANDARD = gnu11;
				GCC_DYNAMIC_NO_PIC = NO;
				GCC_NO_COMMON_BLOCKS = YES;
				GCC_OPTIMIZATION_LEVEL = 0;
				GCC_PREPROCESSOR_DEFINITIONS = (
					"DEBUG=1",
					"$(inherited)",
				);
				GCC_WARN_64_TO_32_BIT_CONVERSION = YES;
				GCC_WARN_ABOUT_RETURN_TYPE = YES_ERROR;
				GCC_WARN_UNDECLARED_SELECTOR = YES;
				GCC_WARN_UNINITIALIZED_AUTOS = YES_AGGRESSIVE;
				GCC_WARN_UNUSED_FUNCTION = YES;
				GCC_WARN_UNUSED_VARIABLE = YES;
				MACOSX_DEPLOYMENT_TARGET = 10.14;
				MTL_ENABLE_DEBUG_INFO = INCLUDE_SOURCE;
				MTL_FAST_MATH = YES;
				ONLY_ACTIVE_ARCH = YES;
				SDKROOT = macosx;
				SWIFT_ACTIVE_COMPILATION_CONDITIONS = DEBUG;
				SWIFT_OPTIMIZATION_LEVEL = "-Onone";
			};
			name = Debug;
		};
		18274AE626E802F800CC0FDD /* Release */ = {
			isa = XCBuildConfiguration;
			buildSettings = {
				ALWAYS_SEARCH_USER_PATHS = NO;
				CLANG_ANALYZER_NONNULL = YES;
				CLANG_ANALYZER_NUMBER_OBJECT_CONVERSION = YES_AGGRESSIVE;
				CLANG_CXX_LANGUAGE_STANDARD = "gnu++14";
				CLANG_CXX_LIBRARY = "libc++";
				CLANG_ENABLE_MODULES = YES;
				CLANG_ENABLE_OBJC_ARC = YES;
				CLANG_ENABLE_OBJC_WEAK = YES;
				CLANG_WARN_BLOCK_CAPTURE_AUTORELEASING = YES;
				CLANG_WARN_BOOL_CONVERSION = YES;
				CLANG_WARN_COMMA = YES;
				CLANG_WARN_CONSTANT_CONVERSION = YES;
				CLANG_WARN_DEPRECATED_OBJC_IMPLEMENTATIONS = YES;
				CLANG_WARN_DIRECT_OBJC_ISA_USAGE = YES_ERROR;
				CLANG_WARN_DOCUMENTATION_COMMENTS = YES;
				CLANG_WARN_EMPTY_BODY = YES;
				CLANG_WARN_ENUM_CONVERSION = YES;
				CLANG_WARN_INFINITE_RECURSION = YES;
				CLANG_WARN_INT_CONVERSION = YES;
				CLANG_WARN_NON_LITERAL_NULL_CONVERSION = YES;
				CLANG_WARN_OBJC_IMPLICIT_RETAIN_SELF = YES;
				CLANG_WARN_OBJC_LITERAL_CONVERSION = YES;
				CLANG_WARN_OBJC_ROOT_CLASS = YES_ERROR;
				CLANG_WARN_RANGE_LOOP_ANALYSIS = YES;
				CLANG_WARN_STRICT_PROTOTYPES = YES;
				CLANG_WARN_SUSPICIOUS_MOVE = YES;
				CLANG_WARN_UNGUARDED_AVAILABILITY = YES_AGGRESSIVE;
				CLANG_WARN_UNREACHABLE_CODE = YES;
				CLANG_WARN__DUPLICATE_METHOD_MATCH = YES;
				COPY_PHASE_STRIP = NO;
				DEBUG_INFORMATION_FORMAT = "dwarf-with-dsym";
				ENABLE_NS_ASSERTIONS = NO;
				ENABLE_STRICT_OBJC_MSGSEND = YES;
				GCC_C_LANGUAGE_STANDARD = gnu11;
				GCC_NO_COMMON_BLOCKS = YES;
				GCC_WARN_64_TO_32_BIT_CONVERSION = YES;
				GCC_WARN_ABOUT_RETURN_TYPE = YES_ERROR;
				GCC_WARN_UNDECLARED_SELECTOR = YES;
				GCC_WARN_UNINITIALIZED_AUTOS = YES_AGGRESSIVE;
				GCC_WARN_UNUSED_FUNCTION = YES;
				GCC_WARN_UNUSED_VARIABLE = YES;
				MACOSX_DEPLOYMENT_TARGET = 10.14;
				MTL_ENABLE_DEBUG_INFO = NO;
				MTL_FAST_MATH = YES;
				SDKROOT = macosx;
				SWIFT_COMPILATION_MODE = wholemodule;
				SWIFT_OPTIMIZATION_LEVEL = "-O";
			};
			name = Release;
		};
		18274AE826E802F800CC0FDD /* Debug */ = {
			isa = XCBuildConfiguration;
			buildSettings = {
				CODE_SIGN_STYLE = Automatic;
				PRODUCT_NAME = "$(TARGET_NAME)";
				SWIFT_VERSION = 5.0;
			};
			name = Debug;
		};
		18274AE926E802F800CC0FDD /* Release */ = {
			isa = XCBuildConfiguration;
			buildSettings = {
				CODE_SIGN_STYLE = Automatic;
				PRODUCT_NAME = "$(TARGET_NAME)";
				SWIFT_VERSION = 5.0;
			};
			name = Release;
		};
/* End XCBuildConfiguration section */

/* Begin XCConfigurationList section */
		18274ADB26E802F800CC0FDD /* Build configuration list for PBXProject "bzfilelist_diff" */ = {
			isa = XCConfigurationList;
			buildConfigurations = (
				18274AE526E802F800CC0FDD /* Debug */,
				18274AE626E802F800CC0FDD /* Release */,
			);
			defaultConfigurationIsVisible = 0;
			defaultConfigurationName = Release;
		};
		18274AE726E802F800CC0FDD /* Build configuration list for PBXNativeTarget "bzfilelist_diff" */ = {
			isa = XCConfigurationList;
			buildConfigurations = (
				18274AE826E802F800CC0FDD /* Debug */,
				18274AE926E802F800CC0FDD /* Release */,
			);
			defaultConfigurationIsVisible = 0;
			defaultConfigurationName = Release;
		};
/* End XCConfigurationList section */
	};
	rootObject = 18274AD826E802F800CC0FDD /* Project object */;
}
